// !$*UTF8*$!
{
	archiveVersion = 1;
	classes = {
	};
	objectVersion = 56;
	objects = {

/* Begin PBXBuildFile section */
		3F38E9792A7C8F7200DEE602 /* To_Do_ListApp.swift in Sources */ = {isa = PBXBuildFile; fileRef = 3F38E9782A7C8F7200DEE602 /* To_Do_ListApp.swift */; };
		3F38E97B2A7C8F7200DEE602 /* ContentView.swift in Sources */ = {isa = PBXBuildFile; fileRef = 3F38E97A2A7C8F7200DEE602 /* ContentView.swift */; };
		3F38E97D2A7C8F7600DEE602 /* Assets.xcassets in Resources */ = {isa = PBXBuildFile; fileRef = 3F38E97C2A7C8F7600DEE602 /* Assets.xcassets */; };
		3F38E9802A7C8F7600DEE602 /* Preview Assets.xcassets in Resources */ = {isa = PBXBuildFile; fileRef = 3F38E97F2A7C8F7600DEE602 /* Preview Assets.xcassets */; };
		3F38E98A2A7C8F7700DEE602 /* To_Do_ListTests.swift in Sources */ = {isa = PBXBuildFile; fileRef = 3F38E9892A7C8F7700DEE602 /* To_Do_ListTests.swift */; };
		3F38E9942A7C8F7700DEE602 /* To_Do_ListUITests.swift in Sources */ = {isa = PBXBuildFile; fileRef = 3F38E9932A7C8F7700DEE602 /* To_Do_ListUITests.swift */; };
		3F38E9962A7C8F7700DEE602 /* To_Do_ListUITestsLaunchTests.swift in Sources */ = {isa = PBXBuildFile; fileRef = 3F38E9952A7C8F7700DEE602 /* To_Do_ListUITestsLaunchTests.swift */; };
		3F38E9A32A7C8FEA00DEE602 /* ToDoFile.swift in Sources */ = {isa = PBXBuildFile; fileRef = 3F38E9A22A7C8FEA00DEE602 /* ToDoFile.swift */; };
		3F38E9A52A7C90F800DEE602 /* NewToDoView.swift in Sources */ = {isa = PBXBuildFile; fileRef = 3F38E9A42A7C90F800DEE602 /* NewToDoView.swift */; };
/* End PBXBuildFile section */

/* Begin PBXContainerItemProxy section */
		3F38E9862A7C8F7700DEE602 /* PBXContainerItemProxy */ = {
			isa = PBXContainerItemProxy;
			containerPortal = 3F38E96D2A7C8F7200DEE602 /* Project object */;
			proxyType = 1;
			remoteGlobalIDString = 3F38E9742A7C8F7200DEE602;
			remoteInfo = "To Do List";
		};
		3F38E9902A7C8F7700DEE602 /* PBXContainerItemProxy */ = {
			isa = PBXContainerItemProxy;
			containerPortal = 3F38E96D2A7C8F7200DEE602 /* Project object */;
			proxyType = 1;
			remoteGlobalIDString = 3F38E9742A7C8F7200DEE602;
			remoteInfo = "To Do List";
		};
/* End PBXContainerItemProxy section */

/* Begin PBXFileReference section */
		3F38E9752A7C8F7200DEE602 /* To Do List.app */ = {isa = PBXFileReference; explicitFileType = wrapper.application; includeInIndex = 0; path = "To Do List.app"; sourceTree = BUILT_PRODUCTS_DIR; };
		3F38E9782A7C8F7200DEE602 /* To_Do_ListApp.swift */ = {isa = PBXFileReference; lastKnownFileType = sourcecode.swift; path = To_Do_ListApp.swift; sourceTree = "<group>"; };
		3F38E97A2A7C8F7200DEE602 /* ContentView.swift */ = {isa = PBXFileReference; lastKnownFileType = sourcecode.swift; path = ContentView.swift; sourceTree = "<group>"; };
		3F38E97C2A7C8F7600DEE602 /* Assets.xcassets */ = {isa = PBXFileReference; lastKnownFileType = folder.assetcatalog; path = Assets.xcassets; sourceTree = "<group>"; };
		3F38E97F2A7C8F7600DEE602 /* Preview Assets.xcassets */ = {isa = PBXFileReference; lastKnownFileType = folder.assetcatalog; path = "Preview Assets.xcassets"; sourceTree = "<group>"; };
		3F38E9852A7C8F7700DEE602 /* To Do ListTests.xctest */ = {isa = PBXFileReference; explicitFileType = wrapper.cfbundle; includeInIndex = 0; path = "To Do ListTests.xctest"; sourceTree = BUILT_PRODUCTS_DIR; };
		3F38E9892A7C8F7700DEE602 /* To_Do_ListTests.swift */ = {isa = PBXFileReference; lastKnownFileType = sourcecode.swift; path = To_Do_ListTests.swift; sourceTree = "<group>"; };
		3F38E98F2A7C8F7700DEE602 /* To Do ListUITests.xctest */ = {isa = PBXFileReference; explicitFileType = wrapper.cfbundle; includeInIndex = 0; path = "To Do ListUITests.xctest"; sourceTree = BUILT_PRODUCTS_DIR; };
		3F38E9932A7C8F7700DEE602 /* To_Do_ListUITests.swift */ = {isa = PBXFileReference; lastKnownFileType = sourcecode.swift; path = To_Do_ListUITests.swift; sourceTree = "<group>"; };
		3F38E9952A7C8F7700DEE602 /* To_Do_ListUITestsLaunchTests.swift */ = {isa = PBXFileReference; lastKnownFileType = sourcecode.swift; path = To_Do_ListUITestsLaunchTests.swift; sourceTree = "<group>"; };
		3F38E9A22A7C8FEA00DEE602 /* ToDoFile.swift */ = {isa = PBXFileReference; lastKnownFileType = sourcecode.swift; path = ToDoFile.swift; sourceTree = "<group>"; };
		3F38E9A42A7C90F800DEE602 /* NewToDoView.swift */ = {isa = PBXFileReference; lastKnownFileType = sourcecode.swift; path = NewToDoView.swift; sourceTree = "<group>"; };
/* End PBXFileReference section */

/* Begin PBXFrameworksBuildPhase section */
		3F38E9722A7C8F7200DEE602 /* Frameworks */ = {
			isa = PBXFrameworksBuildPhase;
			buildActionMask = 2147483647;
			files = (
			);
			runOnlyForDeploymentPostprocessing = 0;
		};
		3F38E9822A7C8F7700DEE602 /* Frameworks */ = {
			isa = PBXFrameworksBuildPhase;
			buildActionMask = 2147483647;
			files = (
			);
			runOnlyForDeploymentPostprocessing = 0;
		};
		3F38E98C2A7C8F7700DEE602 /* Frameworks */ = {
			isa = PBXFrameworksBuildPhase;
			buildActionMask = 2147483647;
			files = (
			);
			runOnlyForDeploymentPostprocessing = 0;
		};
/* End PBXFrameworksBuildPhase section */

/* Begin PBXGroup section */
		3F38E96C2A7C8F7200DEE602 = {
			isa = PBXGroup;
			children = (
				3F38E9A22A7C8FEA00DEE602 /* ToDoFile.swift */,
				3F38E9772A7C8F7200DEE602 /* To Do List */,
				3F38E9882A7C8F7700DEE602 /* To Do ListTests */,
				3F38E9922A7C8F7700DEE602 /* To Do ListUITests */,
				3F38E9762A7C8F7200DEE602 /* Products */,
			);
			sourceTree = "<group>";
		};
		3F38E9762A7C8F7200DEE602 /* Products */ = {
			isa = PBXGroup;
			children = (
				3F38E9752A7C8F7200DEE602 /* To Do List.app */,
				3F38E9852A7C8F7700DEE602 /* To Do ListTests.xctest */,
				3F38E98F2A7C8F7700DEE602 /* To Do ListUITests.xctest */,
			);
			name = Products;
			sourceTree = "<group>";
		};
		3F38E9772A7C8F7200DEE602 /* To Do List */ = {
			isa = PBXGroup;
			children = (
				3F38E9782A7C8F7200DEE602 /* To_Do_ListApp.swift */,
				3F38E97A2A7C8F7200DEE602 /* ContentView.swift */,
				3F38E9A42A7C90F800DEE602 /* NewToDoView.swift */,
				3F38E97C2A7C8F7600DEE602 /* Assets.xcassets */,
				3F38E97E2A7C8F7600DEE602 /* Preview Content */,
			);
			path = "To Do List";
			sourceTree = "<group>";
		};
		3F38E97E2A7C8F7600DEE602 /* Preview Content */ = {
			isa = PBXGroup;
			children = (
				3F38E97F2A7C8F7600DEE602 /* Preview Assets.xcassets */,
			);
			path = "Preview Content";
			sourceTree = "<group>";
		};
		3F38E9882A7C8F7700DEE602 /* To Do ListTests */ = {
			isa = PBXGroup;
			children = (
				3F38E9892A7C8F7700DEE602 /* To_Do_ListTests.swift */,
			);
			path = "To Do ListTests";
			sourceTree = "<group>";
		};
		3F38E9922A7C8F7700DEE602 /* To Do ListUITests */ = {
			isa = PBXGroup;
			children = (
				3F38E9932A7C8F7700DEE602 /* To_Do_ListUITests.swift */,
				3F38E9952A7C8F7700DEE602 /* To_Do_ListUITestsLaunchTests.swift */,
			);
			path = "To Do ListUITests";
			sourceTree = "<group>";
		};
/* End PBXGroup section */

/* Begin PBXNativeTarget section */
		3F38E9742A7C8F7200DEE602 /* To Do List */ = {
			isa = PBXNativeTarget;
			buildConfigurationList = 3F38E9992A7C8F7700DEE602 /* Build configuration list for PBXNativeTarget "To Do List" */;
			buildPhases = (
				3F38E9712A7C8F7200DEE602 /* Sources */,
				3F38E9722A7C8F7200DEE602 /* Frameworks */,
				3F38E9732A7C8F7200DEE602 /* Resources */,
			);
			buildRules = (
			);
			dependencies = (
			);
			name = "To Do List";
			productName = "To Do List";
			productReference = 3F38E9752A7C8F7200DEE602 /* To Do List.app */;
			productType = "com.apple.product-type.application";
		};
		3F38E9842A7C8F7700DEE602 /* To Do ListTests */ = {
			isa = PBXNativeTarget;
			buildConfigurationList = 3F38E99C2A7C8F7700DEE602 /* Build configuration list for PBXNativeTarget "To Do ListTests" */;
			buildPhases = (
				3F38E9812A7C8F7700DEE602 /* Sources */,
				3F38E9822A7C8F7700DEE602 /* Frameworks */,
				3F38E9832A7C8F7700DEE602 /* Resources */,
			);
			buildRules = (
			);
			dependencies = (
				3F38E9872A7C8F7700DEE602 /* PBXTargetDependency */,
			);
			name = "To Do ListTests";
			productName = "To Do ListTests";
			productReference = 3F38E9852A7C8F7700DEE602 /* To Do ListTests.xctest */;
			productType = "com.apple.product-type.bundle.unit-test";
		};
		3F38E98E2A7C8F7700DEE602 /* To Do ListUITests */ = {
			isa = PBXNativeTarget;
			buildConfigurationList = 3F38E99F2A7C8F7700DEE602 /* Build configuration list for PBXNativeTarget "To Do ListUITests" */;
			buildPhases = (
				3F38E98B2A7C8F7700DEE602 /* Sources */,
				3F38E98C2A7C8F7700DEE602 /* Frameworks */,
				3F38E98D2A7C8F7700DEE602 /* Resources */,
			);
			buildRules = (
			);
			dependencies = (
				3F38E9912A7C8F7700DEE602 /* PBXTargetDependency */,
			);
			name = "To Do ListUITests";
			productName = "To Do ListUITests";
			productReference = 3F38E98F2A7C8F7700DEE602 /* To Do ListUITests.xctest */;
			productType = "com.apple.product-type.bundle.ui-testing";
		};
/* End PBXNativeTarget section */

/* Begin PBXProject section */
		3F38E96D2A7C8F7200DEE602 /* Project object */ = {
			isa = PBXProject;
			attributes = {
				BuildIndependentTargetsInParallel = 1;
				LastSwiftUpdateCheck = 1430;
				LastUpgradeCheck = 1430;
				TargetAttributes = {
					3F38E9742A7C8F7200DEE602 = {
						CreatedOnToolsVersion = 14.3.1;
					};
					3F38E9842A7C8F7700DEE602 = {
						CreatedOnToolsVersion = 14.3.1;
						TestTargetID = 3F38E9742A7C8F7200DEE602;
					};
					3F38E98E2A7C8F7700DEE602 = {
						CreatedOnToolsVersion = 14.3.1;
						TestTargetID = 3F38E9742A7C8F7200DEE602;
					};
				};
			};
			buildConfigurationList = 3F38E9702A7C8F7200DEE602 /* Build configuration list for PBXProject "To Do List" */;
			compatibilityVersion = "Xcode 14.0";
			developmentRegion = en;
			hasScannedForEncodings = 0;
			knownRegions = (
				en,
				Base,
			);
			mainGroup = 3F38E96C2A7C8F7200DEE602;
			productRefGroup = 3F38E9762A7C8F7200DEE602 /* Products */;
			projectDirPath = "";
			projectRoot = "";
			targets = (
				3F38E9742A7C8F7200DEE602 /* To Do List */,
				3F38E9842A7C8F7700DEE602 /* To Do ListTests */,
				3F38E98E2A7C8F7700DEE602 /* To Do ListUITests */,
			);
		};
/* End PBXProject section */

/* Begin PBXResourcesBuildPhase section */
		3F38E9732A7C8F7200DEE602 /* Resources */ = {
			isa = PBXResourcesBuildPhase;
			buildActionMask = 2147483647;
			files = (
				3F38E9802A7C8F7600DEE602 /* Preview Assets.xcassets in Resources */,
				3F38E97D2A7C8F7600DEE602 /* Assets.xcassets in Resources */,
			);
			runOnlyForDeploymentPostprocessing = 0;
		};
		3F38E9832A7C8F7700DEE602 /* Resources */ = {
			isa = PBXResourcesBuildPhase;
			buildActionMask = 2147483647;
			files = (
			);
			runOnlyForDeploymentPostprocessing = 0;
		};
		3F38E98D2A7C8F7700DEE602 /* Resources */ = {
			isa = PBXResourcesBuildPhase;
			buildActionMask = 2147483647;
			files = (
			);
			runOnlyForDeploymentPostprocessing = 0;
		};
/* End PBXResourcesBuildPhase section */

/* Begin PBXSourcesBuildPhase section */
		3F38E9712A7C8F7200DEE602 /* Sources */ = {
			isa = PBXSourcesBuildPhase;
			buildActionMask = 2147483647;
			files = (
				3F38E9A32A7C8FEA00DEE602 /* ToDoFile.swift in Sources */,
				3F38E97B2A7C8F7200DEE602 /* ContentView.swift in Sources */,
				3F38E9792A7C8F7200DEE602 /* To_Do_ListApp.swift in Sources */,
				3F38E9A52A7C90F800DEE602 /* NewToDoView.swift in Sources */,
			);
			runOnlyForDeploymentPostprocessing = 0;
		};
		3F38E9812A7C8F7700DEE602 /* Sources */ = {
			isa = PBXSourcesBuildPhase;
			buildActionMask = 2147483647;
			files = (
				3F38E98A2A7C8F7700DEE602 /* To_Do_ListTests.swift in Sources */,
			);
			runOnlyForDeploymentPostprocessing = 0;
		};
		3F38E98B2A7C8F7700DEE602 /* Sources */ = {
			isa = PBXSourcesBuildPhase;
			buildActionMask = 2147483647;
			files = (
				3F38E9962A7C8F7700DEE602 /* To_Do_ListUITestsLaunchTests.swift in Sources */,
				3F38E9942A7C8F7700DEE602 /* To_Do_ListUITests.swift in Sources */,
			);
			runOnlyForDeploymentPostprocessing = 0;
		};
/* End PBXSourcesBuildPhase section */

/* Begin PBXTargetDependency section */
		3F38E9872A7C8F7700DEE602 /* PBXTargetDependency */ = {
			isa = PBXTargetDependency;
			target = 3F38E9742A7C8F7200DEE602 /* To Do List */;
			targetProxy = 3F38E9862A7C8F7700DEE602 /* PBXContainerItemProxy */;
		};
		3F38E9912A7C8F7700DEE602 /* PBXTargetDependency */ = {
			isa = PBXTargetDependency;
			target = 3F38E9742A7C8F7200DEE602 /* To Do List */;
			targetProxy = 3F38E9902A7C8F7700DEE602 /* PBXContainerItemProxy */;
		};
/* End PBXTargetDependency section */

/* Begin XCBuildConfiguration section */
		3F38E9972A7C8F7700DEE602 /* Debug */ = {
			isa = XCBuildConfiguration;
			buildSettings = {
				ALWAYS_SEARCH_USER_PATHS = NO;
				CLANG_ANALYZER_NONNULL = YES;
				CLANG_ANALYZER_NUMBER_OBJECT_CONVERSION = YES_AGGRESSIVE;
				CLANG_CXX_LANGUAGE_STANDARD = "gnu++20";
				CLANG_ENABLE_MODULES = YES;
				CLANG_ENABLE_OBJC_ARC = YES;
				CLANG_ENABLE_OBJC_WEAK = YES;
				CLANG_WARN_BLOCK_CAPTURE_AUTORELEASING = YES;
				CLANG_WARN_BOOL_CONVERSION = YES;
				CLANG_WARN_COMMA = YES;
				CLANG_WARN_CONSTANT_CONVERSION = YES;
				CLANG_WARN_DEPRECATED_OBJC_IMPLEMENTATIONS = YES;
				CLANG_WARN_DIRECT_OBJC_ISA_USAGE = YES_ERROR;
				CLANG_WARN_DOCUMENTATION_COMMENTS = YES;
				CLANG_WARN_EMPTY_BODY = YES;
				CLANG_WARN_ENUM_CONVERSION = YES;
				CLANG_WARN_INFINITE_RECURSION = YES;
				CLANG_WARN_INT_CONVERSION = YES;
				CLANG_WARN_NON_LITERAL_NULL_CONVERSION = YES;
				CLANG_WARN_OBJC_IMPLICIT_RETAIN_SELF = YES;
				CLANG_WARN_OBJC_LITERAL_CONVERSION = YES;
				CLANG_WARN_OBJC_ROOT_CLASS = YES_ERROR;
				CLANG_WARN_QUOTED_INCLUDE_IN_FRAMEWORK_HEADER = YES;
				CLANG_WARN_RANGE_LOOP_ANALYSIS = YES;
				CLANG_WARN_STRICT_PROTOTYPES = YES;
				CLANG_WARN_SUSPICIOUS_MOVE = YES;
				CLANG_WARN_UNGUARDED_AVAILABILITY = YES_AGGRESSIVE;
				CLANG_WARN_UNREACHABLE_CODE = YES;
				CLANG_WARN__DUPLICATE_METHOD_MATCH = YES;
				COPY_PHASE_STRIP = NO;
				DEBUG_INFORMATION_FORMAT = dwarf;
				ENABLE_STRICT_OBJC_MSGSEND = YES;
				ENABLE_TESTABILITY = YES;
				GCC_C_LANGUAGE_STANDARD = gnu11;
				GCC_DYNAMIC_NO_PIC = NO;
				GCC_NO_COMMON_BLOCKS = YES;
				GCC_OPTIMIZATION_LEVEL = 0;
				GCC_PREPROCESSOR_DEFINITIONS = (
					"DEBUG=1",
					"$(inherited)",
				);
				GCC_WARN_64_TO_32_BIT_CONVERSION = YES;
				GCC_WARN_ABOUT_RETURN_TYPE = YES_ERROR;
				GCC_WARN_UNDECLARED_SELECTOR = YES;
				GCC_WARN_UNINITIALIZED_AUTOS = YES_AGGRESSIVE;
				GCC_WARN_UNUSED_FUNCTION = YES;
				GCC_WARN_UNUSED_VARIABLE = YES;
				IPHONEOS_DEPLOYMENT_TARGET = 16.4;
				MTL_ENABLE_DEBUG_INFO = INCLUDE_SOURCE;
				MTL_FAST_MATH = YES;
				ONLY_ACTIVE_ARCH = YES;
				SDKROOT = iphoneos;
				SWIFT_ACTIVE_COMPILATION_CONDITIONS = DEBUG;
				SWIFT_OPTIMIZATION_LEVEL = "-Onone";
			};
			name = Debug;
		};
		3F38E9982A7C8F7700DEE602 /* Release */ = {
			isa = XCBuildConfiguration;
			buildSettings = {
				ALWAYS_SEARCH_USER_PATHS = NO;
				CLANG_ANALYZER_NONNULL = YES;
				CLANG_ANALYZER_NUMBER_OBJECT_CONVERSION = YES_AGGRESSIVE;
				CLANG_CXX_LANGUAGE_STANDARD = "gnu++20";
				CLANG_ENABLE_MODULES = YES;
				CLANG_ENABLE_OBJC_ARC = YES;
				CLANG_ENABLE_OBJC_WEAK = YES;
				CLANG_WARN_BLOCK_CAPTURE_AUTORELEASING = YES;
				CLANG_WARN_BOOL_CONVERSION = YES;
				CLANG_WARN_COMMA = YES;
				CLANG_WARN_CONSTANT_CONVERSION = YES;
				CLANG_WARN_DEPRECATED_OBJC_IMPLEMENTATIONS = YES;
				CLANG_WARN_DIRECT_OBJC_ISA_USAGE = YES_ERROR;
				CLANG_WARN_DOCUMENTATION_COMMENTS = YES;
				CLANG_WARN_EMPTY_BODY = YES;
				CLANG_WARN_ENUM_CONVERSION = YES;
				CLANG_WARN_INFINITE_RECURSION = YES;
				CLANG_WARN_INT_CONVERSION = YES;
				CLANG_WARN_NON_LITERAL_NULL_CONVERSION = YES;
				CLANG_WARN_OBJC_IMPLICIT_RETAIN_SELF = YES;
				CLANG_WARN_OBJC_LITERAL_CONVERSION = YES;
				CLANG_WARN_OBJC_ROOT_CLASS = YES_ERROR;
				CLANG_WARN_QUOTED_INCLUDE_IN_FRAMEWORK_HEADER = YES;
				CLANG_WARN_RANGE_LOOP_ANALYSIS = YES;
				CLANG_WARN_STRICT_PROTOTYPES = YES;
				CLANG_WARN_SUSPICIOUS_MOVE = YES;
				CLANG_WARN_UNGUARDED_AVAILABILITY = YES_AGGRESSIVE;
				CLANG_WARN_UNREACHABLE_CODE = YES;
				CLANG_WARN__DUPLICATE_METHOD_MATCH = YES;
				COPY_PHASE_STRIP = NO;
				DEBUG_INFORMATION_FORMAT = "dwarf-with-dsym";
				ENABLE_NS_ASSERTIONS = NO;
				ENABLE_STRICT_OBJC_MSGSEND = YES;
				GCC_C_LANGUAGE_STANDARD = gnu11;
				GCC_NO_COMMON_BLOCKS = YES;
				GCC_WARN_64_TO_32_BIT_CONVERSION = YES;
				GCC_WARN_ABOUT_RETURN_TYPE = YES_ERROR;
				GCC_WARN_UNDECLARED_SELECTOR = YES;
				GCC_WARN_UNINITIALIZED_AUTOS = YES_AGGRESSIVE;
				GCC_WARN_UNUSED_FUNCTION = YES;
				GCC_WARN_UNUSED_VARIABLE = YES;
				IPHONEOS_DEPLOYMENT_TARGET = 16.4;
				MTL_ENABLE_DEBUG_INFO = NO;
				MTL_FAST_MATH = YES;
				SDKROOT = iphoneos;
				SWIFT_COMPILATION_MODE = wholemodule;
				SWIFT_OPTIMIZATION_LEVEL = "-O";
				VALIDATE_PRODUCT = YES;
			};
			name = Release;
		};
		3F38E99A2A7C8F7700DEE602 /* Debug */ = {
			isa = XCBuildConfiguration;
			buildSettings = {
				ASSETCATALOG_COMPILER_APPICON_NAME = AppIcon;
				ASSETCATALOG_COMPILER_GLOBAL_ACCENT_COLOR_NAME = AccentColor;
				CODE_SIGN_STYLE = Automatic;
				CURRENT_PROJECT_VERSION = 1;
				DEVELOPMENT_ASSET_PATHS = "\"To Do List/Preview Content\"";
				ENABLE_PREVIEWS = YES;
				GENERATE_INFOPLIST_FILE = YES;
				INFOPLIST_KEY_UIApplicationSceneManifest_Generation = YES;
				INFOPLIST_KEY_UIApplicationSupportsIndirectInputEvents = YES;
				INFOPLIST_KEY_UILaunchScreen_Generation = YES;
				INFOPLIST_KEY_UISupportedInterfaceOrientations_iPad = "UIInterfaceOrientationPortrait UIInterfaceOrientationPortraitUpsideDown UIInterfaceOrientationLandscapeLeft UIInterfaceOrientationLandscapeRight";
				INFOPLIST_KEY_UISupportedInterfaceOrientations_iPhone = "UIInterfaceOrientationPortrait UIInterfaceOrientationLandscapeLeft UIInterfaceOrientationLandscapeRight";
				LD_RUNPATH_SEARCH_PATHS = (
					"$(inherited)",
					"@executable_path/Frameworks",
				);
				MARKETING_VERSION = 1.0;
				PRODUCT_BUNDLE_IDENTIFIER = "KWK.To-Do-List";
				PRODUCT_NAME = "$(TARGET_NAME)";
				SWIFT_EMIT_LOC_STRINGS = YES;
				SWIFT_VERSION = 5.0;
				TARGETED_DEVICE_FAMILY = "1,2";
			};
			name = Debug;
		};
		3F38E99B2A7C8F7700DEE602 /* Release */ = {
			isa = XCBuildConfiguration;
			buildSettings = {
				ASSETCATALOG_COMPILER_APPICON_NAME = AppIcon;
				ASSETCATALOG_COMPILER_GLOBAL_ACCENT_COLOR_NAME = AccentColor;
				CODE_SIGN_STYLE = Automatic;
				CURRENT_PROJECT_VERSION = 1;
				DEVELOPMENT_ASSET_PATHS = "\"To Do List/Preview Content\"";
				ENABLE_PREVIEWS = YES;
				GENERATE_INFOPLIST_FILE = YES;
				INFOPLIST_KEY_UIApplicationSceneManifest_Generation = YES;
				INFOPLIST_KEY_UIApplicationSupportsIndirectInputEvents = YES;
				INFOPLIST_KEY_UILaunchScreen_Generation = YES;
				INFOPLIST_KEY_UISupportedInterfaceOrientations_iPad = "UIInterfaceOrientationPortrait UIInterfaceOrientationPortraitUpsideDown UIInterfaceOrientationLandscapeLeft UIInterfaceOrientationLandscapeRight";
				INFOPLIST_KEY_UISupportedInterfaceOrientations_iPhone = "UIInterfaceOrientationPortrait UIInterfaceOrientationLandscapeLeft UIInterfaceOrientationLandscapeRight";
				LD_RUNPATH_SEARCH_PATHS = (
					"$(inherited)",
					"@executable_path/Frameworks",
				);
				MARKETING_VERSION = 1.0;
				PRODUCT_BUNDLE_IDENTIFIER = "KWK.To-Do-List";
				PRODUCT_NAME = "$(TARGET_NAME)";
				SWIFT_EMIT_LOC_STRINGS = YES;
				SWIFT_VERSION = 5.0;
				TARGETED_DEVICE_FAMILY = "1,2";
			};
			name = Release;
		};
		3F38E99D2A7C8F7700DEE602 /* Debug */ = {
			isa = XCBuildConfiguration;
			buildSettings = {
				ALWAYS_EMBED_SWIFT_STANDARD_LIBRARIES = YES;
				BUNDLE_LOADER = "$(TEST_HOST)";
				CODE_SIGN_STYLE = Automatic;
				CURRENT_PROJECT_VERSION = 1;
				GENERATE_INFOPLIST_FILE = YES;
				IPHONEOS_DEPLOYMENT_TARGET = 16.4;
				MARKETING_VERSION = 1.0;
				PRODUCT_BUNDLE_IDENTIFIER = "KWK.To-Do-ListTests";
				PRODUCT_NAME = "$(TARGET_NAME)";
				SWIFT_EMIT_LOC_STRINGS = NO;
				SWIFT_VERSION = 5.0;
				TARGETED_DEVICE_FAMILY = "1,2";
				TEST_HOST = "$(BUILT_PRODUCTS_DIR)/To Do List.app/$(BUNDLE_EXECUTABLE_FOLDER_PATH)/To Do List";
			};
			name = Debug;
		};
		3F38E99E2A7C8F7700DEE602 /* Release */ = {
			isa = XCBuildConfiguration;
			buildSettings = {
				ALWAYS_EMBED_SWIFT_STANDARD_LIBRARIES = YES;
				BUNDLE_LOADER = "$(TEST_HOST)";
				CODE_SIGN_STYLE = Automatic;
				CURRENT_PROJECT_VERSION = 1;
				GENERATE_INFOPLIST_FILE = YES;
				IPHONEOS_DEPLOYMENT_TARGET = 16.4;
				MARKETING_VERSION = 1.0;
				PRODUCT_BUNDLE_IDENTIFIER = "KWK.To-Do-ListTests";
				PRODUCT_NAME = "$(TARGET_NAME)";
				SWIFT_EMIT_LOC_STRINGS = NO;
				SWIFT_VERSION = 5.0;
				TARGETED_DEVICE_FAMILY = "1,2";
				TEST_HOST = "$(BUILT_PRODUCTS_DIR)/To Do List.app/$(BUNDLE_EXECUTABLE_FOLDER_PATH)/To Do List";
			};
			name = Release;
		};
		3F38E9A02A7C8F7700DEE602 /* Debug */ = {
			isa = XCBuildConfiguration;
			buildSettings = {
				ALWAYS_EMBED_SWIFT_STANDARD_LIBRARIES = YES;
				CODE_SIGN_STYLE = Automatic;
				CURRENT_PROJECT_VERSION = 1;
				GENERATE_INFOPLIST_FILE = YES;
				MARKETING_VERSION = 1.0;
				PRODUCT_BUNDLE_IDENTIFIER = "KWK.To-Do-ListUITests";
				PRODUCT_NAME = "$(TARGET_NAME)";
				SWIFT_EMIT_LOC_STRINGS = NO;
				SWIFT_VERSION = 5.0;
				TARGETED_DEVICE_FAMILY = "1,2";
				TEST_TARGET_NAME = "To Do List";
			};
			name = Debug;
		};
		3F38E9A12A7C8F7700DEE602 /* Release */ = {
			isa = XCBuildConfiguration;
			buildSettings = {
				ALWAYS_EMBED_SWIFT_STANDARD_LIBRARIES = YES;
				CODE_SIGN_STYLE = Automatic;
				CURRENT_PROJECT_VERSION = 1;
				GENERATE_INFOPLIST_FILE = YES;
				MARKETING_VERSION = 1.0;
				PRODUCT_BUNDLE_IDENTIFIER = "KWK.To-Do-ListUITests";
				PRODUCT_NAME = "$(TARGET_NAME)";
				SWIFT_EMIT_LOC_STRINGS = NO;
				SWIFT_VERSION = 5.0;
				TARGETED_DEVICE_FAMILY = "1,2";
				TEST_TARGET_NAME = "To Do List";
			};
			name = Release;
		};
/* End XCBuildConfiguration section */

/* Begin XCConfigurationList section */
		3F38E9702A7C8F7200DEE602 /* Build configuration list for PBXProject "To Do List" */ = {
			isa = XCConfigurationList;
			buildConfigurations = (
				3F38E9972A7C8F7700DEE602 /* Debug */,
				3F38E9982A7C8F7700DEE602 /* Release */,
			);
			defaultConfigurationIsVisible = 0;
			defaultConfigurationName = Release;
		};
		3F38E9992A7C8F7700DEE602 /* Build configuration list for PBXNativeTarget "To Do List" */ = {
			isa = XCConfigurationList;
			buildConfigurations = (
				3F38E99A2A7C8F7700DEE602 /* Debug */,
				3F38E99B2A7C8F7700DEE602 /* Release */,
			);
			defaultConfigurationIsVisible = 0;
			defaultConfigurationName = Release;
		};
		3F38E99C2A7C8F7700DEE602 /* Build configuration list for PBXNativeTarget "To Do ListTests" */ = {
			isa = XCConfigurationList;
			buildConfigurations = (
				3F38E99D2A7C8F7700DEE602 /* Debug */,
				3F38E99E2A7C8F7700DEE602 /* Release */,
			);
			defaultConfigurationIsVisible = 0;
			defaultConfigurationName = Release;
		};
		3F38E99F2A7C8F7700DEE602 /* Build configuration list for PBXNativeTarget "To Do ListUITests" */ = {
			isa = XCConfigurationList;
			buildConfigurations = (
				3F38E9A02A7C8F7700DEE602 /* Debug */,
				3F38E9A12A7C8F7700DEE602 /* Release */,
			);
			defaultConfigurationIsVisible = 0;
			defaultConfigurationName = Release;
		};
/* End XCConfigurationList section */
	};
	rootObject = 3F38E96D2A7C8F7200DEE602 /* Project object */;
}
